{
  "version": 4,
  "terraform_version": "0.13.2",
  "serial": 26,
  "lineage": "a9370303-6483-141d-0b03-4009218fd305",
  "outputs": {
    "lambda": {
      "value": "arn:aws:lambda:us-east-2:830971499440:function:hello_lambda:$LATEST",
      "type": "string"
    }
  },
  "resources": [
    {
      "mode": "data",
      "type": "archive_file",
      "name": "zip",
      "provider": "provider[\"registry.terraform.io/hashicorp/archive\"]",
      "instances": [
        {
          "schema_version": 0,
          "attributes": {
            "excludes": null,
            "id": "4470ff89feafebe831a57171a769c48a579ba618",
            "output_base64sha256": "qnrbId1w9DX1J5o+cIuRswYfigPu6RsCBOZNzHkz00g=",
            "output_md5": "1008cfa7a9309af84e4c48e6d9e60972",
            "output_path": "hello_lambda.zip",
            "output_sha": "4470ff89feafebe831a57171a769c48a579ba618",
            "output_size": 248,
            "source": [],
            "source_content": null,
            "source_content_filename": null,
            "source_dir": null,
            "source_file": "hello_lambda.py",
            "type": "zip"
          }
        }
      ]
    },
    {
      "mode": "data",
      "type": "aws_iam_policy_document",
      "name": "policy",
      "provider": "provider[\"registry.terraform.io/hashicorp/aws\"]",
      "instances": [
        {
          "schema_version": 0,
          "attributes": {
            "id": "3693445097",
            "json": "{\n  \"Version\": \"2012-10-17\",\n  \"Statement\": [\n    {\n      \"Sid\": \"\",\n      \"Effect\": \"Allow\",\n      \"Action\": \"sts:AssumeRole\",\n      \"Principal\": {\n        \"Service\": \"lambda.amazonaws.com\"\n      }\n    }\n  ]\n}",
            "override_json": null,
            "policy_id": null,
            "source_json": null,
            "statement": [
              {
                "actions": [
                  "sts:AssumeRole"
                ],
                "condition": [],
                "effect": "Allow",
                "not_actions": [],
                "not_principals": [],
                "not_resources": [],
                "principals": [
                  {
                    "identifiers": [
                      "lambda.amazonaws.com"
                    ],
                    "type": "Service"
                  }
                ],
                "resources": [],
                "sid": ""
              }
            ],
            "version": "2012-10-17"
          }
        }
      ]
    },
    {
      "mode": "managed",
      "type": "aws_api_gateway_deployment",
      "name": "apigwDeployment",
      "provider": "provider[\"registry.terraform.io/hashicorp/aws\"]",
      "instances": [
        {
          "schema_version": 0,
          "attributes": {
            "created_date": "2020-09-23T16:44:50Z",
            "description": "",
            "execution_arn": "arn:aws:execute-api:us-east-2:830971499440:ehx3x6zgng/test",
            "id": "ssgpm3",
            "invoke_url": "https://ehx3x6zgng.execute-api.us-east-2.amazonaws.com/test",
            "rest_api_id": "ehx3x6zgng",
            "stage_description": null,
            "stage_name": "test",
            "triggers": null,
            "variables": {
              "answer": "42"
            }
          },
          "private": "bnVsbA==",
          "dependencies": [
            "aws_api_gateway_integration.apigwIntegration",
            "aws_api_gateway_method.myGET",
            "aws_api_gateway_resource.getHello",
            "aws_api_gateway_rest_api.apigw",
            "aws_iam_role.iam_for_lambda",
            "aws_lambda_function.lambda",
            "data.archive_file.zip",
            "data.aws_iam_policy_document.policy"
          ],
          "create_before_destroy": true
        }
      ]
    },
    {
      "mode": "managed",
      "type": "aws_api_gateway_integration",
      "name": "apigwIntegration",
      "provider": "provider[\"registry.terraform.io/hashicorp/aws\"]",
      "instances": [
        {
          "schema_version": 0,
          "attributes": {
            "cache_key_parameters": null,
            "cache_namespace": "saqp0x",
            "connection_id": "",
            "connection_type": "INTERNET",
            "content_handling": "",
            "credentials": "",
            "http_method": "GET",
            "id": "agi-ehx3x6zgng-saqp0x-GET",
            "integration_http_method": "POST",
            "passthrough_behavior": "WHEN_NO_MATCH",
            "request_parameters": null,
            "request_templates": null,
            "resource_id": "saqp0x",
            "rest_api_id": "ehx3x6zgng",
            "timeout_milliseconds": 29000,
            "type": "AWS_PROXY",
            "uri": "arn:aws:apigateway:us-east-2:lambda:path/2015-03-31/functions/arn:aws:lambda:us-east-2:830971499440:function:hello_lambda/invocations"
          },
          "private": "bnVsbA==",
          "dependencies": [
            "aws_api_gateway_method.myGET",
            "aws_api_gateway_resource.getHello",
            "aws_api_gateway_rest_api.apigw",
            "aws_iam_role.iam_for_lambda",
            "aws_lambda_function.lambda",
            "data.archive_file.zip",
            "data.aws_iam_policy_document.policy"
          ],
          "create_before_destroy": true
        }
      ]
    },
    {
      "mode": "managed",
      "type": "aws_api_gateway_method",
      "name": "myGET",
      "provider": "provider[\"registry.terraform.io/hashicorp/aws\"]",
      "instances": [
        {
          "schema_version": 0,
          "attributes": {
            "api_key_required": false,
            "authorization": "NONE",
            "authorization_scopes": null,
            "authorizer_id": null,
            "http_method": "GET",
            "id": "agm-ehx3x6zgng-saqp0x-GET",
            "request_models": null,
            "request_parameters": null,
            "request_validator_id": null,
            "resource_id": "saqp0x",
            "rest_api_id": "ehx3x6zgng"
          },
          "private": "bnVsbA==",
          "dependencies": [
            "aws_api_gateway_resource.getHello",
            "aws_api_gateway_rest_api.apigw"
          ],
          "create_before_destroy": true
        }
      ]
    },
    {
      "mode": "managed",
      "type": "aws_api_gateway_method_response",
      "name": "response_200",
      "provider": "provider[\"registry.terraform.io/hashicorp/aws\"]",
      "instances": [
        {
          "schema_version": 0,
          "attributes": {
            "http_method": "GET",
            "id": "agmr-ehx3x6zgng-saqp0x-GET-200",
            "resource_id": "saqp0x",
            "response_models": null,
            "response_parameters": null,
            "rest_api_id": "ehx3x6zgng",
            "status_code": "200"
          },
          "private": "bnVsbA==",
          "dependencies": [
            "aws_api_gateway_method.myGET",
            "aws_api_gateway_resource.getHello",
            "aws_api_gateway_rest_api.apigw"
          ]
        }
      ]
    },
    {
      "mode": "managed",
      "type": "aws_api_gateway_resource",
      "name": "getHello",
      "provider": "provider[\"registry.terraform.io/hashicorp/aws\"]",
      "instances": [
        {
          "schema_version": 0,
          "attributes": {
            "id": "saqp0x",
            "parent_id": "aohhp15x06",
            "path": "/getHello",
            "path_part": "getHello",
            "rest_api_id": "ehx3x6zgng"
          },
          "private": "bnVsbA==",
          "dependencies": [
            "aws_api_gateway_rest_api.apigw"
          ],
          "create_before_destroy": true
        }
      ]
    },
    {
      "mode": "managed",
      "type": "aws_api_gateway_rest_api",
      "name": "apigw",
      "provider": "provider[\"registry.terraform.io/hashicorp/aws\"]",
      "instances": [
        {
          "schema_version": 0,
          "attributes": {
            "api_key_source": "HEADER",
            "arn": "arn:aws:apigateway:us-east-2::/restapis/ehx3x6zgng",
            "binary_media_types": null,
            "body": null,
            "created_date": "2020-09-23T16:44:23Z",
            "description": "This is my API for demonstration purposes",
            "endpoint_configuration": [
              {
                "types": [
                  "EDGE"
                ],
                "vpc_endpoint_ids": []
              }
            ],
            "execution_arn": "arn:aws:execute-api:us-east-2:830971499440:ehx3x6zgng",
            "id": "ehx3x6zgng",
            "minimum_compression_size": -1,
            "name": "apigw",
            "policy": "",
            "root_resource_id": "aohhp15x06",
            "tags": null
          },
          "private": "bnVsbA==",
          "create_before_destroy": true
        }
      ]
    },
    {
      "mode": "managed",
      "type": "aws_iam_role",
      "name": "iam_for_lambda",
      "provider": "provider[\"registry.terraform.io/hashicorp/aws\"]",
      "instances": [
        {
          "schema_version": 0,
          "attributes": {
            "arn": "arn:aws:iam::830971499440:role/iam_for_lambda",
            "assume_role_policy": "{\"Version\":\"2012-10-17\",\"Statement\":[{\"Sid\":\"\",\"Effect\":\"Allow\",\"Principal\":{\"Service\":\"lambda.amazonaws.com\"},\"Action\":\"sts:AssumeRole\"}]}",
            "create_date": "2020-09-23T16:44:29Z",
            "description": "",
            "force_detach_policies": false,
            "id": "iam_for_lambda",
            "max_session_duration": 3600,
            "name": "iam_for_lambda",
            "name_prefix": null,
            "path": "/",
            "permissions_boundary": null,
            "tags": null,
            "unique_id": "AROA4C6OC2OYHFF7LFUKK"
          },
          "private": "bnVsbA==",
          "dependencies": [
            "data.aws_iam_policy_document.policy"
          ],
          "create_before_destroy": true
        }
      ]
    },
    {
      "mode": "managed",
      "type": "aws_lambda_function",
      "name": "lambda",
      "provider": "provider[\"registry.terraform.io/hashicorp/aws\"]",
      "instances": [
        {
          "schema_version": 0,
          "attributes": {
            "arn": "arn:aws:lambda:us-east-2:830971499440:function:hello_lambda",
            "dead_letter_config": [],
            "description": "",
            "environment": [
              {
                "variables": {
                  "greeting": "Hello"
                }
              }
            ],
            "file_system_config": [],
            "filename": "hello_lambda.zip",
            "function_name": "hello_lambda",
            "handler": "hello_lambda.lambda_handler",
            "id": "hello_lambda",
            "invoke_arn": "arn:aws:apigateway:us-east-2:lambda:path/2015-03-31/functions/arn:aws:lambda:us-east-2:830971499440:function:hello_lambda/invocations",
            "kms_key_arn": "",
            "last_modified": "2020-09-23T16:44:45.042+0000",
            "layers": null,
            "memory_size": 128,
            "publish": false,
            "qualified_arn": "arn:aws:lambda:us-east-2:830971499440:function:hello_lambda:$LATEST",
            "reserved_concurrent_executions": -1,
            "role": "arn:aws:iam::830971499440:role/iam_for_lambda",
            "runtime": "python3.6",
            "s3_bucket": null,
            "s3_key": null,
            "s3_object_version": null,
            "source_code_hash": "qnrbId1w9DX1J5o+cIuRswYfigPu6RsCBOZNzHkz00g=",
            "source_code_size": 248,
            "tags": null,
            "timeout": 3,
            "timeouts": null,
            "tracing_config": [
              {
                "mode": "PassThrough"
              }
            ],
            "version": "$LATEST",
            "vpc_config": []
          },
          "private": "eyJlMmJmYjczMC1lY2FhLTExZTYtOGY4OC0zNDM2M2JjN2M0YzAiOnsiY3JlYXRlIjo2MDAwMDAwMDAwMDB9fQ==",
          "dependencies": [
            "aws_iam_role.iam_for_lambda",
            "data.archive_file.zip",
            "data.aws_iam_policy_document.policy"
          ],
          "create_before_destroy": true
        }
      ]
    },
    {
      "mode": "managed",
      "type": "aws_lambda_permission",
      "name": "apigw_lambda",
      "provider": "provider[\"registry.terraform.io/hashicorp/aws\"]",
      "instances": [
        {
          "schema_version": 0,
          "attributes": {
            "action": "lambda:InvokeFunction",
            "event_source_token": null,
            "function_name": "hello_lambda",
            "id": "AllowExecutionFromAPIGateway",
            "principal": "apigateway.amazonaws.com",
            "qualifier": "",
            "source_account": null,
            "source_arn": "arn:aws:execute-api:us-east-2:830971499440:ehx3x6zgng/*/GET/getHello",
            "statement_id": "AllowExecutionFromAPIGateway",
            "statement_id_prefix": null
          },
          "private": "bnVsbA==",
          "dependencies": [
            "aws_api_gateway_method.myGET",
            "aws_api_gateway_resource.getHello",
            "aws_api_gateway_rest_api.apigw",
            "aws_iam_role.iam_for_lambda",
            "aws_lambda_function.lambda",
            "data.archive_file.zip",
            "data.aws_iam_policy_document.policy"
          ]
        }
      ]
    }
  ]
}
